// !$*UTF8*$!
{
	archiveVersion = 1;
	classes = {
	};
	objectVersion = 48;
	objects = {

/* Begin PBXBuildFile section */
		C35617101FDD74A5005316BF /* AppDelegate.swift in Sources */ = {isa = PBXBuildFile; fileRef = C356170F1FDD74A5005316BF /* AppDelegate.swift */; };
		C35617121FDD74A5005316BF /* ViewController.swift in Sources */ = {isa = PBXBuildFile; fileRef = C35617111FDD74A5005316BF /* ViewController.swift */; };
		C35617151FDD74A5005316BF /* Main.storyboard in Resources */ = {isa = PBXBuildFile; fileRef = C35617131FDD74A5005316BF /* Main.storyboard */; };
		C35617171FDD74A5005316BF /* Assets.xcassets in Resources */ = {isa = PBXBuildFile; fileRef = C35617161FDD74A5005316BF /* Assets.xcassets */; };
		C356171A1FDD74A5005316BF /* LaunchScreen.storyboard in Resources */ = {isa = PBXBuildFile; fileRef = C35617181FDD74A5005316BF /* LaunchScreen.storyboard */; };
		C35617251FDD74A6005316BF /* CatCryptoTests.swift in Sources */ = {isa = PBXBuildFile; fileRef = C35617241FDD74A6005316BF /* CatCryptoTests.swift */; };
		C35617301FDD74A6005316BF /* CatCryptoUITests.swift in Sources */ = {isa = PBXBuildFile; fileRef = C356172F1FDD74A6005316BF /* CatCryptoUITests.swift */; };
/* End PBXBuildFile section */

/* Begin PBXContainerItemProxy section */
		C35617211FDD74A6005316BF /* PBXContainerItemProxy */ = {
			isa = PBXContainerItemProxy;
			containerPortal = C35617041FDD74A5005316BF /* Project object */;
			proxyType = 1;
			remoteGlobalIDString = C356170B1FDD74A5005316BF;
			remoteInfo = CatCrypto;
		};
		C356172C1FDD74A6005316BF /* PBXContainerItemProxy */ = {
			isa = PBXContainerItemProxy;
			containerPortal = C35617041FDD74A5005316BF /* Project object */;
			proxyType = 1;
			remoteGlobalIDString = C356170B1FDD74A5005316BF;
			remoteInfo = CatCrypto;
		};
/* End PBXContainerItemProxy section */

/* Begin PBXFileReference section */
		C356170C1FDD74A5005316BF /* Example.app */ = {isa = PBXFileReference; explicitFileType = wrapper.application; includeInIndex = 0; path = Example.app; sourceTree = BUILT_PRODUCTS_DIR; };
		C356170F1FDD74A5005316BF /* AppDelegate.swift */ = {isa = PBXFileReference; lastKnownFileType = sourcecode.swift; path = AppDelegate.swift; sourceTree = "<group>"; };
		C35617111FDD74A5005316BF /* ViewController.swift */ = {isa = PBXFileReference; lastKnownFileType = sourcecode.swift; path = ViewController.swift; sourceTree = "<group>"; };
		C35617141FDD74A5005316BF /* Base */ = {isa = PBXFileReference; lastKnownFileType = file.storyboard; name = Base; path = Base.lproj/Main.storyboard; sourceTree = "<group>"; };
		C35617161FDD74A5005316BF /* Assets.xcassets */ = {isa = PBXFileReference; lastKnownFileType = folder.assetcatalog; path = Assets.xcassets; sourceTree = "<group>"; };
		C35617191FDD74A5005316BF /* Base */ = {isa = PBXFileReference; lastKnownFileType = file.storyboard; name = Base; path = Base.lproj/LaunchScreen.storyboard; sourceTree = "<group>"; };
		C356171B1FDD74A5005316BF /* Info.plist */ = {isa = PBXFileReference; lastKnownFileType = text.plist.xml; path = Info.plist; sourceTree = "<group>"; };
		C35617201FDD74A6005316BF /* CatCryptoTests.xctest */ = {isa = PBXFileReference; explicitFileType = wrapper.cfbundle; includeInIndex = 0; path = CatCryptoTests.xctest; sourceTree = BUILT_PRODUCTS_DIR; };
		C35617241FDD74A6005316BF /* CatCryptoTests.swift */ = {isa = PBXFileReference; lastKnownFileType = sourcecode.swift; path = CatCryptoTests.swift; sourceTree = "<group>"; };
		C35617261FDD74A6005316BF /* Info.plist */ = {isa = PBXFileReference; lastKnownFileType = text.plist.xml; path = Info.plist; sourceTree = "<group>"; };
		C356172B1FDD74A6005316BF /* CatCryptoUITests.xctest */ = {isa = PBXFileReference; explicitFileType = wrapper.cfbundle; includeInIndex = 0; path = CatCryptoUITests.xctest; sourceTree = BUILT_PRODUCTS_DIR; };
		C356172F1FDD74A6005316BF /* CatCryptoUITests.swift */ = {isa = PBXFileReference; lastKnownFileType = sourcecode.swift; path = CatCryptoUITests.swift; sourceTree = "<group>"; };
		C35617311FDD74A6005316BF /* Info.plist */ = {isa = PBXFileReference; lastKnownFileType = text.plist.xml; path = Info.plist; sourceTree = "<group>"; };
/* End PBXFileReference section */

/* Begin PBXFrameworksBuildPhase section */
		C35617091FDD74A5005316BF /* Frameworks */ = {
			isa = PBXFrameworksBuildPhase;
			buildActionMask = 2147483647;
			files = (
			);
			runOnlyForDeploymentPostprocessing = 0;
		};
		C356171D1FDD74A6005316BF /* Frameworks */ = {
			isa = PBXFrameworksBuildPhase;
			buildActionMask = 2147483647;
			files = (
			);
			runOnlyForDeploymentPostprocessing = 0;
		};
		C35617281FDD74A6005316BF /* Frameworks */ = {
			isa = PBXFrameworksBuildPhase;
			buildActionMask = 2147483647;
			files = (
			);
			runOnlyForDeploymentPostprocessing = 0;
		};
/* End PBXFrameworksBuildPhase section */

/* Begin PBXGroup section */
		C35617031FDD74A5005316BF = {
			isa = PBXGroup;
			children = (
				C356173D1FDD7592005316BF /* Sources */,
				C356170E1FDD74A5005316BF /* Example */,
				C35617231FDD74A6005316BF /* CatCryptoTests */,
				C356172E1FDD74A6005316BF /* CatCryptoUITests */,
				C356170D1FDD74A5005316BF /* Products */,
			);
			sourceTree = "<group>";
		};
		C356170D1FDD74A5005316BF /* Products */ = {
			isa = PBXGroup;
			children = (
				C356170C1FDD74A5005316BF /* Example.app */,
				C35617201FDD74A6005316BF /* CatCryptoTests.xctest */,
				C356172B1FDD74A6005316BF /* CatCryptoUITests.xctest */,
			);
			name = Products;
			sourceTree = "<group>";
		};
		C356170E1FDD74A5005316BF /* Example */ = {
			isa = PBXGroup;
			children = (
				C356170F1FDD74A5005316BF /* AppDelegate.swift */,
				C35617111FDD74A5005316BF /* ViewController.swift */,
				C35617131FDD74A5005316BF /* Main.storyboard */,
				C35617161FDD74A5005316BF /* Assets.xcassets */,
				C35617181FDD74A5005316BF /* LaunchScreen.storyboard */,
				C356171B1FDD74A5005316BF /* Info.plist */,
			);
			path = Example;
			sourceTree = "<group>";
		};
		C35617231FDD74A6005316BF /* CatCryptoTests */ = {
			isa = PBXGroup;
			children = (
				C35617241FDD74A6005316BF /* CatCryptoTests.swift */,
				C35617261FDD74A6005316BF /* Info.plist */,
			);
			path = CatCryptoTests;
			sourceTree = "<group>";
		};
		C356172E1FDD74A6005316BF /* CatCryptoUITests */ = {
			isa = PBXGroup;
			children = (
				C356172F1FDD74A6005316BF /* CatCryptoUITests.swift */,
				C35617311FDD74A6005316BF /* Info.plist */,
			);
			path = CatCryptoUITests;
			sourceTree = "<group>";
		};
		C356173D1FDD7592005316BF /* Sources */ = {
			isa = PBXGroup;
			children = (
			);
			path = Sources;
			sourceTree = "<group>";
		};
/* End PBXGroup section */

/* Begin PBXNativeTarget section */
		C356170B1FDD74A5005316BF /* Example */ = {
			isa = PBXNativeTarget;
			buildConfigurationList = C35617341FDD74A6005316BF /* Build configuration list for PBXNativeTarget "Example" */;
			buildPhases = (
				C35617081FDD74A5005316BF /* Sources */,
				C35617091FDD74A5005316BF /* Frameworks */,
				C356170A1FDD74A5005316BF /* Resources */,
			);
			buildRules = (
			);
			dependencies = (
			);
			name = Example;
			productName = CatCrypto;
			productReference = C356170C1FDD74A5005316BF /* Example.app */;
			productType = "com.apple.product-type.application";
		};
		C356171F1FDD74A6005316BF /* CatCryptoTests */ = {
			isa = PBXNativeTarget;
			buildConfigurationList = C35617371FDD74A6005316BF /* Build configuration list for PBXNativeTarget "CatCryptoTests" */;
			buildPhases = (
				C356171C1FDD74A6005316BF /* Sources */,
				C356171D1FDD74A6005316BF /* Frameworks */,
				C356171E1FDD74A6005316BF /* Resources */,
			);
			buildRules = (
			);
			dependencies = (
				C35617221FDD74A6005316BF /* PBXTargetDependency */,
			);
			name = CatCryptoTests;
			productName = CatCryptoTests;
			productReference = C35617201FDD74A6005316BF /* CatCryptoTests.xctest */;
			productType = "com.apple.product-type.bundle.unit-test";
		};
		C356172A1FDD74A6005316BF /* CatCryptoUITests */ = {
			isa = PBXNativeTarget;
			buildConfigurationList = C356173A1FDD74A6005316BF /* Build configuration list for PBXNativeTarget "CatCryptoUITests" */;
			buildPhases = (
				C35617271FDD74A6005316BF /* Sources */,
				C35617281FDD74A6005316BF /* Frameworks */,
				C35617291FDD74A6005316BF /* Resources */,
			);
			buildRules = (
			);
			dependencies = (
				C356172D1FDD74A6005316BF /* PBXTargetDependency */,
			);
			name = CatCryptoUITests;
			productName = CatCryptoUITests;
			productReference = C356172B1FDD74A6005316BF /* CatCryptoUITests.xctest */;
			productType = "com.apple.product-type.bundle.ui-testing";
		};
/* End PBXNativeTarget section */

/* Begin PBXProject section */
		C35617041FDD74A5005316BF /* Project object */ = {
			isa = PBXProject;
			attributes = {
				LastSwiftUpdateCheck = 0910;
				LastUpgradeCheck = 0910;
				ORGANIZATIONNAME = imkcat;
				TargetAttributes = {
					C356170B1FDD74A5005316BF = {
						CreatedOnToolsVersion = 9.1;
						ProvisioningStyle = Automatic;
					};
					C356171F1FDD74A6005316BF = {
						CreatedOnToolsVersion = 9.1;
						ProvisioningStyle = Automatic;
						TestTargetID = C356170B1FDD74A5005316BF;
					};
					C356172A1FDD74A6005316BF = {
						CreatedOnToolsVersion = 9.1;
						ProvisioningStyle = Automatic;
						TestTargetID = C356170B1FDD74A5005316BF;
					};
				};
			};
			buildConfigurationList = C35617071FDD74A5005316BF /* Build configuration list for PBXProject "CatCrypto" */;
			compatibilityVersion = "Xcode 8.0";
			developmentRegion = en;
			hasScannedForEncodings = 0;
			knownRegions = (
				en,
				Base,
			);
			mainGroup = C35617031FDD74A5005316BF;
			productRefGroup = C356170D1FDD74A5005316BF /* Products */;
			projectDirPath = "";
			projectRoot = "";
			targets = (
				C356170B1FDD74A5005316BF /* Example */,
				C356171F1FDD74A6005316BF /* CatCryptoTests */,
				C356172A1FDD74A6005316BF /* CatCryptoUITests */,
			);
		};
/* End PBXProject section */

/* Begin PBXResourcesBuildPhase section */
		C356170A1FDD74A5005316BF /* Resources */ = {
			isa = PBXResourcesBuildPhase;
			buildActionMask = 2147483647;
			files = (
				C356171A1FDD74A5005316BF /* LaunchScreen.storyboard in Resources */,
				C35617171FDD74A5005316BF /* Assets.xcassets in Resources */,
				C35617151FDD74A5005316BF /* Main.storyboard in Resources */,
			);
			runOnlyForDeploymentPostprocessing = 0;
		};
		C356171E1FDD74A6005316BF /* Resources */ = {
			isa = PBXResourcesBuildPhase;
			buildActionMask = 2147483647;
			files = (
			);
			runOnlyForDeploymentPostprocessing = 0;
		};
		C35617291FDD74A6005316BF /* Resources */ = {
			isa = PBXResourcesBuildPhase;
			buildActionMask = 2147483647;
			files = (
			);
			runOnlyForDeploymentPostprocessing = 0;
		};
/* End PBXResourcesBuildPhase section */

/* Begin PBXSourcesBuildPhase section */
		C35617081FDD74A5005316BF /* Sources */ = {
			isa = PBXSourcesBuildPhase;
			buildActionMask = 2147483647;
			files = (
				C35617121FDD74A5005316BF /* ViewController.swift in Sources */,
				C35617101FDD74A5005316BF /* AppDelegate.swift in Sources */,
			);
			runOnlyForDeploymentPostprocessing = 0;
		};
		C356171C1FDD74A6005316BF /* Sources */ = {
			isa = PBXSourcesBuildPhase;
			buildActionMask = 2147483647;
			files = (
				C35617251FDD74A6005316BF /* CatCryptoTests.swift in Sources */,
			);
			runOnlyForDeploymentPostprocessing = 0;
		};
		C35617271FDD74A6005316BF /* Sources */ = {
			isa = PBXSourcesBuildPhase;
			buildActionMask = 2147483647;
			files = (
				C35617301FDD74A6005316BF /* CatCryptoUITests.swift in Sources */,
			);
			runOnlyForDeploymentPostprocessing = 0;
		};
/* End PBXSourcesBuildPhase section */

/* Begin PBXTargetDependency section */
		C35617221FDD74A6005316BF /* PBXTargetDependency */ = {
			isa = PBXTargetDependency;
			target = C356170B1FDD74A5005316BF /* Example */;
			targetProxy = C35617211FDD74A6005316BF /* PBXContainerItemProxy */;
		};
		C356172D1FDD74A6005316BF /* PBXTargetDependency */ = {
			isa = PBXTargetDependency;
			target = C356170B1FDD74A5005316BF /* Example */;
			targetProxy = C356172C1FDD74A6005316BF /* PBXContainerItemProxy */;
		};
/* End PBXTargetDependency section */

/* Begin PBXVariantGroup section */
		C35617131FDD74A5005316BF /* Main.storyboard */ = {
			isa = PBXVariantGroup;
			children = (
				C35617141FDD74A5005316BF /* Base */,
			);
			name = Main.storyboard;
			sourceTree = "<group>";
		};
		C35617181FDD74A5005316BF /* LaunchScreen.storyboard */ = {
			isa = PBXVariantGroup;
			children = (
				C35617191FDD74A5005316BF /* Base */,
			);
			name = LaunchScreen.storyboard;
			sourceTree = "<group>";
		};
/* End PBXVariantGroup section */

/* Begin XCBuildConfiguration section */
		C35617321FDD74A6005316BF /* Debug */ = {
			isa = XCBuildConfiguration;
			buildSettings = {
				ALWAYS_SEARCH_USER_PATHS = NO;
				CLANG_ANALYZER_NONNULL = YES;
				CLANG_ANALYZER_NUMBER_OBJECT_CONVERSION = YES_AGGRESSIVE;
				CLANG_CXX_LANGUAGE_STANDARD = "gnu++14";
				CLANG_CXX_LIBRARY = "libc++";
				CLANG_ENABLE_MODULES = YES;
				CLANG_ENABLE_OBJC_ARC = YES;
				CLANG_WARN_BLOCK_CAPTURE_AUTORELEASING = YES;
				CLANG_WARN_BOOL_CONVERSION = YES;
				CLANG_WARN_COMMA = YES;
				CLANG_WARN_CONSTANT_CONVERSION = YES;
				CLANG_WARN_DIRECT_OBJC_ISA_USAGE = YES_ERROR;
				CLANG_WARN_DOCUMENTATION_COMMENTS = YES;
				CLANG_WARN_EMPTY_BODY = YES;
				CLANG_WARN_ENUM_CONVERSION = YES;
				CLANG_WARN_INFINITE_RECURSION = YES;
				CLANG_WARN_INT_CONVERSION = YES;
				CLANG_WARN_NON_LITERAL_NULL_CONVERSION = YES;
				CLANG_WARN_OBJC_LITERAL_CONVERSION = YES;
				CLANG_WARN_OBJC_ROOT_CLASS = YES_ERROR;
				CLANG_WARN_RANGE_LOOP_ANALYSIS = YES;
				CLANG_WARN_STRICT_PROTOTYPES = YES;
				CLANG_WARN_SUSPICIOUS_MOVE = YES;
				CLANG_WARN_UNGUARDED_AVAILABILITY = YES_AGGRESSIVE;
				CLANG_WARN_UNREACHABLE_CODE = YES;
				CLANG_WARN__DUPLICATE_METHOD_MATCH = YES;
				CODE_SIGN_IDENTITY = "iPhone Developer";
				COPY_PHASE_STRIP = NO;
				DEBUG_INFORMATION_FORMAT = dwarf;
				ENABLE_STRICT_OBJC_MSGSEND = YES;
				ENABLE_TESTABILITY = YES;
				GCC_C_LANGUAGE_STANDARD = gnu11;
				GCC_DYNAMIC_NO_PIC = NO;
				GCC_NO_COMMON_BLOCKS = YES;
				GCC_OPTIMIZATION_LEVEL = 0;
				GCC_PREPROCESSOR_DEFINITIONS = (
					"DEBUG=1",
					"$(inherited)",
				);
				GCC_WARN_64_TO_32_BIT_CONVERSION = YES;
				GCC_WARN_ABOUT_RETURN_TYPE = YES_ERROR;
				GCC_WARN_UNDECLARED_SELECTOR = YES;
				GCC_WARN_UNINITIALIZED_AUTOS = YES_AGGRESSIVE;
				GCC_WARN_UNUSED_FUNCTION = YES;
				GCC_WARN_UNUSED_VARIABLE = YES;
				IPHONEOS_DEPLOYMENT_TARGET = 11.1;
				MTL_ENABLE_DEBUG_INFO = YES;
				ONLY_ACTIVE_ARCH = YES;
				SDKROOT = iphoneos;
				SWIFT_ACTIVE_COMPILATION_CONDITIONS = DEBUG;
				SWIFT_OPTIMIZATION_LEVEL = "-Onone";
			};
			name = Debug;
		};
		C35617331FDD74A6005316BF /* Release */ = {
			isa = XCBuildConfiguration;
			buildSettings = {
				ALWAYS_SEARCH_USER_PATHS = NO;
				CLANG_ANALYZER_NONNULL = YES;
				CLANG_ANALYZER_NUMBER_OBJECT_CONVERSION = YES_AGGRESSIVE;
				CLANG_CXX_LANGUAGE_STANDARD = "gnu++14";
				CLANG_CXX_LIBRARY = "libc++";
				CLANG_ENABLE_MODULES = YES;
				CLANG_ENABLE_OBJC_ARC = YES;
				CLANG_WARN_BLOCK_CAPTURE_AUTORELEASING = YES;
				CLANG_WARN_BOOL_CONVERSION = YES;
				CLANG_WARN_COMMA = YES;
				CLANG_WARN_CONSTANT_CONVERSION = YES;
				CLANG_WARN_DIRECT_OBJC_ISA_USAGE = YES_ERROR;
				CLANG_WARN_DOCUMENTATION_COMMENTS = YES;
				CLANG_WARN_EMPTY_BODY = YES;
				CLANG_WARN_ENUM_CONVERSION = YES;
				CLANG_WARN_INFINITE_RECURSION = YES;
				CLANG_WARN_INT_CONVERSION = YES;
				CLANG_WARN_NON_LITERAL_NULL_CONVERSION = YES;
				CLANG_WARN_OBJC_LITERAL_CONVERSION = YES;
				CLANG_WARN_OBJC_ROOT_CLASS = YES_ERROR;
				CLANG_WARN_RANGE_LOOP_ANALYSIS = YES;
				CLANG_WARN_STRICT_PROTOTYPES = YES;
				CLANG_WARN_SUSPICIOUS_MOVE = YES;
				CLANG_WARN_UNGUARDED_AVAILABILITY = YES_AGGRESSIVE;
				CLANG_WARN_UNREACHABLE_CODE = YES;
				CLANG_WARN__DUPLICATE_METHOD_MATCH = YES;
				CODE_SIGN_IDENTITY = "iPhone Developer";
				COPY_PHASE_STRIP = NO;
				DEBUG_INFORMATION_FORMAT = "dwarf-with-dsym";
				ENABLE_NS_ASSERTIONS = NO;
				ENABLE_STRICT_OBJC_MSGSEND = YES;
				GCC_C_LANGUAGE_STANDARD = gnu11;
				GCC_NO_COMMON_BLOCKS = YES;
				GCC_WARN_64_TO_32_BIT_CONVERSION = YES;
				GCC_WARN_ABOUT_RETURN_TYPE = YES_ERROR;
				GCC_WARN_UNDECLARED_SELECTOR = YES;
				GCC_WARN_UNINITIALIZED_AUTOS = YES_AGGRESSIVE;
				GCC_WARN_UNUSED_FUNCTION = YES;
				GCC_WARN_UNUSED_VARIABLE = YES;
				IPHONEOS_DEPLOYMENT_TARGET = 11.1;
				MTL_ENABLE_DEBUG_INFO = NO;
				SDKROOT = iphoneos;
				SWIFT_OPTIMIZATION_LEVEL = "-Owholemodule";
				VALIDATE_PRODUCT = YES;
			};
			name = Release;
		};
		C35617351FDD74A6005316BF /* Debug */ = {
			isa = XCBuildConfiguration;
			buildSettings = {
				ASSETCATALOG_COMPILER_APPICON_NAME = AppIcon;
				CODE_SIGN_STYLE = Automatic;
				INFOPLIST_FILE = "$(SRCROOT)/Example/Info.plist";
				IPHONEOS_DEPLOYMENT_TARGET = 8.0;
				LD_RUNPATH_SEARCH_PATHS = "$(inherited) @executable_path/Frameworks";
				PRODUCT_BUNDLE_IDENTIFIER = com.imkcat.Example;
				PRODUCT_NAME = "$(TARGET_NAME)";
				SWIFT_VERSION = 4.0;
				TARGETED_DEVICE_FAMILY = "1,2";
			};
			name = Debug;
		};
		C35617361FDD74A6005316BF /* Release */ = {
			isa = XCBuildConfiguration;
			buildSettings = {
				ASSETCATALOG_COMPILER_APPICON_NAME = AppIcon;
				CODE_SIGN_STYLE = Automatic;
				INFOPLIST_FILE = "$(SRCROOT)/Example/Info.plist";
				IPHONEOS_DEPLOYMENT_TARGET = 8.0;
				LD_RUNPATH_SEARCH_PATHS = "$(inherited) @executable_path/Frameworks";
				PRODUCT_BUNDLE_IDENTIFIER = com.imkcat.Example;
				PRODUCT_NAME = "$(TARGET_NAME)";
				SWIFT_VERSION = 4.0;
				TARGETED_DEVICE_FAMILY = "1,2";
			};
			name = Release;
		};
		C35617381FDD74A6005316BF /* Debug */ = {
			isa = XCBuildConfiguration;
			buildSettings = {
				ALWAYS_EMBED_SWIFT_STANDARD_LIBRARIES = YES;
				BUNDLE_LOADER = "$(TEST_HOST)";
				CODE_SIGN_STYLE = Automatic;
				INFOPLIST_FILE = CatCryptoTests/Info.plist;
				LD_RUNPATH_SEARCH_PATHS = "$(inherited) @executable_path/Frameworks @loader_path/Frameworks";
				PRODUCT_BUNDLE_IDENTIFIER = com.imkcat.CatCryptoTests;
				PRODUCT_NAME = "$(TARGET_NAME)";
				SWIFT_VERSION = 4.0;
				TARGETED_DEVICE_FAMILY = "1,2";
				TEST_HOST = "$(BUILT_PRODUCTS_DIR)/CatCrypto.app/CatCrypto";
			};
			name = Debug;
		};
		C35617391FDD74A6005316BF /* Release */ = {
			isa = XCBuildConfiguration;
			buildSettings = {
				ALWAYS_EMBED_SWIFT_STANDARD_LIBRARIES = YES;
				BUNDLE_LOADER = "$(TEST_HOST)";
				CODE_SIGN_STYLE = Automatic;
				INFOPLIST_FILE = CatCryptoTests/Info.plist;
				LD_RUNPATH_SEARCH_PATHS = "$(inherited) @executable_path/Frameworks @loader_path/Frameworks";
				PRODUCT_BUNDLE_IDENTIFIER = com.imkcat.CatCryptoTests;
				PRODUCT_NAME = "$(TARGET_NAME)";
				SWIFT_VERSION = 4.0;
				TARGETED_DEVICE_FAMILY = "1,2";
				TEST_HOST = "$(BUILT_PRODUCTS_DIR)/CatCrypto.app/CatCrypto";
			};
			name = Release;
		};
		C356173B1FDD74A6005316BF /* Debug */ = {
			isa = XCBuildConfiguration;
			buildSettings = {
				ALWAYS_EMBED_SWIFT_STANDARD_LIBRARIES = YES;
				CODE_SIGN_STYLE = Automatic;
				INFOPLIST_FILE = CatCryptoUITests/Info.plist;
				LD_RUNPATH_SEARCH_PATHS = "$(inherited) @executable_path/Frameworks @loader_path/Frameworks";
				PRODUCT_BUNDLE_IDENTIFIER = com.imkcat.CatCryptoUITests;
				PRODUCT_NAME = "$(TARGET_NAME)";
				SWIFT_VERSION = 4.0;
				TARGETED_DEVICE_FAMILY = "1,2";
				TEST_TARGET_NAME = CatCrypto;
			};
			name = Debug;
		};
		C356173C1FDD74A6005316BF /* Release */ = {
			isa = XCBuildConfiguration;
			buildSettings = {
				ALWAYS_EMBED_SWIFT_STANDARD_LIBRARIES = YES;
				CODE_SIGN_STYLE = Automatic;
				INFOPLIST_FILE = CatCryptoUITests/Info.plist;
				LD_RUNPATH_SEARCH_PATHS = "$(inherited) @executable_path/Frameworks @loader_path/Frameworks";
				PRODUCT_BUNDLE_IDENTIFIER = com.imkcat.CatCryptoUITests;
				PRODUCT_NAME = "$(TARGET_NAME)";
				SWIFT_VERSION = 4.0;
				TARGETED_DEVICE_FAMILY = "1,2";
				TEST_TARGET_NAME = CatCrypto;
			};
			name = Release;
		};
/* End XCBuildConfiguration section */

/* Begin XCConfigurationList section */
		C35617071FDD74A5005316BF /* Build configuration list for PBXProject "CatCrypto" */ = {
			isa = XCConfigurationList;
			buildConfigurations = (
				C35617321FDD74A6005316BF /* Debug */,
				C35617331FDD74A6005316BF /* Release */,
			);
			defaultConfigurationIsVisible = 0;
			defaultConfigurationName = Release;
		};
		C35617341FDD74A6005316BF /* Build configuration list for PBXNativeTarget "Example" */ = {
			isa = XCConfigurationList;
			buildConfigurations = (
				C35617351FDD74A6005316BF /* Debug */,
				C35617361FDD74A6005316BF /* Release */,
			);
			defaultConfigurationIsVisible = 0;
			defaultConfigurationName = Release;
		};
		C35617371FDD74A6005316BF /* Build configuration list for PBXNativeTarget "CatCryptoTests" */ = {
			isa = XCConfigurationList;
			buildConfigurations = (
				C35617381FDD74A6005316BF /* Debug */,
				C35617391FDD74A6005316BF /* Release */,
			);
			defaultConfigurationIsVisible = 0;
			defaultConfigurationName = Release;
		};
		C356173A1FDD74A6005316BF /* Build configuration list for PBXNativeTarget "CatCryptoUITests" */ = {
			isa = XCConfigurationList;
			buildConfigurations = (
				C356173B1FDD74A6005316BF /* Debug */,
				C356173C1FDD74A6005316BF /* Release */,
			);
			defaultConfigurationIsVisible = 0;
			defaultConfigurationName = Release;
		};
/* End XCConfigurationList section */
	};
	rootObject = C35617041FDD74A5005316BF /* Project object */;
}
